
Microsoft Visual Studio Solution File, Format Version 12.00
# Visual Studio 15
VisualStudioVersion = 15.0.27428.2002
MinimumVisualStudioVersion = 10.0.40219.1
Project("{FAE04EC0-301F-11D3-BF4B-00C04F79EFBC}") = "Swagger-Example", "Swagger-Example\Swagger-Example.csproj", "{FAB27FB2-F6E1-4B8D-A4B9-50172551544B}"
EndProject
Global
	GlobalSection(SolutionConfigurationPlatforms) = preSolution
		Debug|Any CPU = Debug|Any CPU
		Release|Any CPU = Release|Any CPU
	EndGlobalSection
	GlobalSection(ProjectConfigurationPlatforms) = postSolution
		{FAB27FB2-F6E1-4B8D-A4B9-50172551544B}.Debug|Any CPU.ActiveCfg = Debug|Any CPU
		{FAB27FB2-F6E1-4B8D-A4B9-50172551544B}.Debug|Any CPU.Build.0 = Debug|Any CPU
		{FAB27FB2-F6E1-4B8D-A4B9-50172551544B}.Release|Any CPU.ActiveCfg = Release|Any CPU
		{FAB27FB2-F6E1-4B8D-A4B9-50172551544B}.Release|Any CPU.Build.0 = Release|Any CPU
	EndGlobalSection
	GlobalSection(SolutionProperties) = preSolution
		HideSolutionNode = FALSE
	EndGlobalSection
	GlobalSection(ExtensibilityGlobals) = postSolution
		SolutionGuid = {3057FF98-1AB5-4BB6-99CF-76E06FD6654E}
	EndGlobalSection
EndGlobal
